<?xml version="1.0" encoding="utf-8"?>
<Project ToolsVersion="4.0" xmlns="http://schemas.microsoft.com/developer/msbuild/2003">
  <ItemGroup>
    <Filter Include="Header Files">
      <UniqueIdentifier>{93995380-89BD-4b04-88EB-625FBE52EBFB}</UniqueIdentifier>
      <Extensions>h;hh;hpp;hxx;h++;hm;inl;inc;ipp;xsd</Extensions>
    </Filter>
    <Filter Include="Test Files">
      <UniqueIdentifier>{1fce86b7-9456-48c8-aef6-ac86837dc2de}</UniqueIdentifier>
      <Extensions>cpp;c;cc;cxx;c++;cppm;ixx;def;odl;idl;hpj;bat;asm;asmx</Extensions>
    </Filter>
    <Filter Include="Catch2">
      <UniqueIdentifier>{1ff48fff-1f27-47eb-86ad-1f8c4578d54a}</UniqueIdentifier>
    </Filter>
  </ItemGroup>
  <ItemGroup>
    <ClInclude Include="Catch2\extras\catch_amalgamated.hpp">
      <Filter>Catch2</Filter>
    </ClInclude>
    <ClInclude Include="src\arithmetic.h">
      <Filter>Header Files</Filter>
    </ClInclude>
    <ClInclude Include="src\numerical.h">
      <Filter>Header Files</Filter>
    </ClInclude>
    <ClInclude Include="src\data_structures.h">
      <Filter>Header Files</Filter>
    </ClInclude>
    <ClInclude Include="src\graphs.h">
      <Filter>Header Files</Filter>
    </ClInclude>
  </ItemGroup>
  <ItemGroup>
    <ClCompile Include="tests\test_arithmetic.cpp">
      <Filter>Test Files</Filter>
    </ClCompile>
    <ClCompile Include="Catch2\extras\catch_amalgamated.cpp">
      <Filter>Catch2</Filter>
    </ClCompile>
    <ClCompile Include="tests\test_numerical.cpp">
      <Filter>Test Files</Filter>
    </ClCompile>
    <ClCompile Include="tests\test_data_structures.cpp">
      <Filter>Test Files</Filter>
    </ClCompile>
    <ClCompile Include="tests\test_graphs.cpp">
      <Filter>Test Files</Filter>
    </ClCompile>
  </ItemGroup>
</Project>